
Microsoft Visual Studio Solution File, Format Version 12.00
# Visual Studio Version 17
VisualStudioVersion = 17.9.34607.119
MinimumVisualStudioVersion = 10.0.40219.1
Project("{FAE04EC0-301F-11D3-BF4B-00C04F79EFBC}") = "PostApi", "PostApi.csproj", "{CBD316A5-3B0E-4C07-AF9E-2409B21B0278}"
EndProject
Global
	GlobalSection(SolutionConfigurationPlatforms) = preSolution
		Debug|Any CPU = Debug|Any CPU
		Release|Any CPU = Release|Any CPU
	EndGlobalSection
	GlobalSection(ProjectConfigurationPlatforms) = postSolution
		{CBD316A5-3B0E-4C07-AF9E-2409B21B0278}.Debug|Any CPU.ActiveCfg = Debug|Any CPU
		{CBD316A5-3B0E-4C07-AF9E-2409B21B0278}.Debug|Any CPU.Build.0 = Debug|Any CPU
		{CBD316A5-3B0E-4C07-AF9E-2409B21B0278}.Release|Any CPU.ActiveCfg = Release|Any CPU
		{CBD316A5-3B0E-4C07-AF9E-2409B21B0278}.Release|Any CPU.Build.0 = Release|Any CPU
	EndGlobalSection
	GlobalSection(SolutionProperties) = preSolution
		HideSolutionNode = FALSE
	EndGlobalSection
	GlobalSection(ExtensibilityGlobals) = postSolution
		SolutionGuid = {69B98B7C-3DA0-49BA-B38F-A0EE0916FE13}
	EndGlobalSection
EndGlobal
